
Microsoft Visual Studio Solution File, Format Version 12.00
# Visual Studio Version 16
VisualStudioVersion = 16.0.31702.278
MinimumVisualStudioVersion = 10.0.40219.1
Project("{FAE04EC0-301F-11D3-BF4B-00C04F79EFBC}") = "JsonSerializeEX", "JsonSerializeEX\JsonSerializeEX.csproj", "{83571204-4A20-4BBB-B0E2-3EC00DAE882E}"
EndProject
Project("{2150E333-8FDC-42A3-9474-1A3956D46DE8}") = "Solution Items", "Solution Items", "{956A8451-85C1-43D6-85D4-C14DFA4CEB4B}"
	ProjectSection(SolutionItems) = preProject
		.editorconfig = .editorconfig
	EndProjectSection
EndProject
Global
	GlobalSection(SolutionConfigurationPlatforms) = preSolution
		Debug|Any CPU = Debug|Any CPU
		Release|Any CPU = Release|Any CPU
	EndGlobalSection
	GlobalSection(ProjectConfigurationPlatforms) = postSolution
		{83571204-4A20-4BBB-B0E2-3EC00DAE882E}.Debug|Any CPU.ActiveCfg = Debug|Any CPU
		{83571204-4A20-4BBB-B0E2-3EC00DAE882E}.Debug|Any CPU.Build.0 = Debug|Any CPU
		{83571204-4A20-4BBB-B0E2-3EC00DAE882E}.Release|Any CPU.ActiveCfg = Release|Any CPU
		{83571204-4A20-4BBB-B0E2-3EC00DAE882E}.Release|Any CPU.Build.0 = Release|Any CPU
	EndGlobalSection
	GlobalSection(SolutionProperties) = preSolution
		HideSolutionNode = FALSE
	EndGlobalSection
	GlobalSection(ExtensibilityGlobals) = postSolution
		SolutionGuid = {3BA17CA1-CAA1-4138-8347-6FB142137062}
	EndGlobalSection
EndGlobal
